
Microsoft Visual Studio Solution File, Format Version 12.00
# Visual Studio Version 16
VisualStudioVersion = 16.0.30711.63
MinimumVisualStudioVersion = 10.0.40219.1
Project("{9A19103F-16F7-4668-BE54-9A1E7A4F7556}") = "WatkiStart", "WatkiStart\WatkiStart.csproj", "{102999C3-D4BC-48DA-96A8-FE9DC0593EAD}"
EndProject
Project("{FAE04EC0-301F-11D3-BF4B-00C04F79EFBC}") = "Poczta", "Poczta\Poczta.csproj", "{2DBC00D5-A625-4915-85AE-84757945C8A0}"
EndProject
Global
	GlobalSection(SolutionConfigurationPlatforms) = preSolution
		Debug|Any CPU = Debug|Any CPU
		Release|Any CPU = Release|Any CPU
	EndGlobalSection
	GlobalSection(ProjectConfigurationPlatforms) = postSolution
		{102999C3-D4BC-48DA-96A8-FE9DC0593EAD}.Debug|Any CPU.ActiveCfg = Debug|Any CPU
		{102999C3-D4BC-48DA-96A8-FE9DC0593EAD}.Debug|Any CPU.Build.0 = Debug|Any CPU
		{102999C3-D4BC-48DA-96A8-FE9DC0593EAD}.Release|Any CPU.ActiveCfg = Release|Any CPU
		{102999C3-D4BC-48DA-96A8-FE9DC0593EAD}.Release|Any CPU.Build.0 = Release|Any CPU
		{2DBC00D5-A625-4915-85AE-84757945C8A0}.Debug|Any CPU.ActiveCfg = Debug|Any CPU
		{2DBC00D5-A625-4915-85AE-84757945C8A0}.Debug|Any CPU.Build.0 = Debug|Any CPU
		{2DBC00D5-A625-4915-85AE-84757945C8A0}.Release|Any CPU.ActiveCfg = Release|Any CPU
		{2DBC00D5-A625-4915-85AE-84757945C8A0}.Release|Any CPU.Build.0 = Release|Any CPU
	EndGlobalSection
	GlobalSection(SolutionProperties) = preSolution
		HideSolutionNode = FALSE
	EndGlobalSection
	GlobalSection(ExtensibilityGlobals) = postSolution
		SolutionGuid = {953B974A-0E61-4A78-B5E2-C76E3F08EFEE}
	EndGlobalSection
EndGlobal
